
Microsoft Visual Studio Solution File, Format Version 12.00
# Visual Studio Version 16
VisualStudioVersion = 16.0.30002.166
MinimumVisualStudioVersion = 10.0.40219.1
Project("{FAE04EC0-301F-11D3-BF4B-00C04F79EFBC}") = "B20_MemoryGame", "B20_MemoryGame\B20_MemoryGame.csproj", "{146FC750-DED0-4E85-A6A2-6F9DA7D74F84}"
EndProject
Project("{2150E333-8FDC-42A3-9474-1A3956D46DE8}") = "Solution Items", "Solution Items", "{F8096AD5-E2C2-4563-BA3C-EEED4F17A9C6}"
	ProjectSection(SolutionItems) = preProject
		CheckingReport.txt = CheckingReport.txt
	EndProjectSection
EndProject
Global
	GlobalSection(SolutionConfigurationPlatforms) = preSolution
		Debug|Any CPU = Debug|Any CPU
		Release|Any CPU = Release|Any CPU
	EndGlobalSection
	GlobalSection(ProjectConfigurationPlatforms) = postSolution
		{146FC750-DED0-4E85-A6A2-6F9DA7D74F84}.Debug|Any CPU.ActiveCfg = Debug|Any CPU
		{146FC750-DED0-4E85-A6A2-6F9DA7D74F84}.Debug|Any CPU.Build.0 = Debug|Any CPU
		{146FC750-DED0-4E85-A6A2-6F9DA7D74F84}.Release|Any CPU.ActiveCfg = Release|Any CPU
		{146FC750-DED0-4E85-A6A2-6F9DA7D74F84}.Release|Any CPU.Build.0 = Release|Any CPU
	EndGlobalSection
	GlobalSection(SolutionProperties) = preSolution
		HideSolutionNode = FALSE
	EndGlobalSection
	GlobalSection(ExtensibilityGlobals) = postSolution
		SolutionGuid = {4895087F-237A-4D8C-B360-6E04CD5C566E}
	EndGlobalSection
EndGlobal
